
Microsoft Visual Studio Solution File, Format Version 12.00
# Visual Studio 15
VisualStudioVersion = 15.0.28307.705
MinimumVisualStudioVersion = 10.0.40219.1
Project("{FAE04EC0-301F-11D3-BF4B-00C04F79EFBC}") = "NpHw-7", "NpHw-7\NpHw-7.csproj", "{B9B0F259-29EB-49C2-ACB4-7CB5F31A2FC0}"
EndProject
Global
	GlobalSection(SolutionConfigurationPlatforms) = preSolution
		Debug|Any CPU = Debug|Any CPU
		Release|Any CPU = Release|Any CPU
	EndGlobalSection
	GlobalSection(ProjectConfigurationPlatforms) = postSolution
		{B9B0F259-29EB-49C2-ACB4-7CB5F31A2FC0}.Debug|Any CPU.ActiveCfg = Debug|Any CPU
		{B9B0F259-29EB-49C2-ACB4-7CB5F31A2FC0}.Debug|Any CPU.Build.0 = Debug|Any CPU
		{B9B0F259-29EB-49C2-ACB4-7CB5F31A2FC0}.Release|Any CPU.ActiveCfg = Release|Any CPU
		{B9B0F259-29EB-49C2-ACB4-7CB5F31A2FC0}.Release|Any CPU.Build.0 = Release|Any CPU
	EndGlobalSection
	GlobalSection(SolutionProperties) = preSolution
		HideSolutionNode = FALSE
	EndGlobalSection
	GlobalSection(ExtensibilityGlobals) = postSolution
		SolutionGuid = {15298A48-2271-420B-930A-E1552433229A}
	EndGlobalSection
EndGlobal
